# This file is generated by running "yarn install" inside your project.
# Manual changes might be lost - proceed with caution!

__metadata:
  version: 8
  cacheKey: 10c0

"acorn@npm:^5.1.1":
  version: 5.7.3
  resolution: "acorn@npm:5.7.3"
  bin:
    acorn: ./bin/acorn
  checksum: 10c0/224c42d92ec6bca30a58c60b38541b2ef818c4d1a458e126da301dea1150da7db4609b7aef41e46f1015c05761820f0c3fef60287aaba9b655cfd94ad15e8b2f
  languageName: node
  linkType: hard

"array-source@npm:0.0":
  version: 0.0.4
  resolution: "array-source@npm:0.0.4"
  checksum: 10c0/05176f3df2ed37e1b9a685d87e158a0299f4aed5587406db23cb335a4ff0e556a7672ba34c94d5c1d30906355ee1d764ab5617419cb8daf147d081c091c29f98
  languageName: node
  linkType: hard

"commander@npm:2, commander@npm:^2.11.0":
  version: 2.20.0
  resolution: "commander@npm:2.20.0"
  checksum: 10c0/c037420cdf8c8bbadf37749fe129298eda5b5c004e81805057d87ff508f9dbfb680d30aebe1bbcdfc54b579eaf6182dd90077e506add74d6b26ef52c7e22d41d
  languageName: node
  linkType: hard

"d3-array@npm:1":
  version: 1.2.4
  resolution: "d3-array@npm:1.2.4"
  checksum: 10c0/7ac0ae096838e75d06350381442d84b327e3215d470f26c297851675bd25c47a633d35b04bfaa0397c529f42428d19f3f80bead24e1e866832e064cc6af24f3a
  languageName: node
  linkType: hard

"d3-geo-projection@npm:^2.0.1":
  version: 2.7.0
  resolution: "d3-geo-projection@npm:2.7.0"
  dependencies:
    commander: "npm:2"
    d3-array: "npm:1"
    d3-geo: "npm:^1.10.0"
    resolve: "npm:^1.1.10"
  bin:
    geo2svg: bin/geo2svg
    geograticule: bin/geograticule
    geoproject: bin/geoproject
    geoquantize: bin/geoquantize
    geostitch: bin/geostitch
  checksum: 10c0/5d51b226d104cbac0196693fb10cb8c3ef995fb21faee020d015d3c98634d2b5673128291267cf0cc6cfc7ce5023292a7a7056d611aed7911f07864bef769d6f
  languageName: node
  linkType: hard

"d3-geo@npm:^1.10.0":
  version: 1.11.6
  resolution: "d3-geo@npm:1.11.6"
  dependencies:
    d3-array: "npm:1"
  checksum: 10c0/5072feb5bf8c2709adef8b73fc4d37eacac07410396f4212467fbc88d82f02fc94bd7c7d2ade9e5e3ddb285705d697aa955ce787ef56d091557410a36cd0b708
  languageName: node
  linkType: hard

"file-source@npm:0.6":
  version: 0.6.1
  resolution: "file-source@npm:0.6.1"
  dependencies:
    stream-source: "npm:0.3"
  checksum: 10c0/326a7bae5a2da9cee8ab4a78bb96008197102945b73e9c5cbfc6aa20d271f0d3b7b0fc4dc672064e314ded000d404f6ddbecf1cf0136bdf3acf1670e4130a8a4
  languageName: node
  linkType: hard

"ndjson-cli@npm:^0.3.0":
  version: 0.3.1
  resolution: "ndjson-cli@npm:0.3.1"
  dependencies:
    acorn: "npm:^5.1.1"
    commander: "npm:^2.11.0"
    resolve: "npm:^1.3.3"
  bin:
    ndjson-cat: ndjson-cat
    ndjson-filter: ndjson-filter
    ndjson-join: ndjson-join
    ndjson-map: ndjson-map
    ndjson-reduce: ndjson-reduce
    ndjson-sort: ndjson-sort
    ndjson-split: ndjson-split
    ndjson-top: ndjson-top
  checksum: 10c0/5342118a29fa8e63d907fded6e8bbc4fb4d30803e3efff77c17dc5c4737a0436603b7d306e4426babf26e8f2202b288a864b657de471a5bb4fb7221532f622e8
  languageName: node
  linkType: hard

"path-parse@npm:^1.0.6":
  version: 1.0.6
  resolution: "path-parse@npm:1.0.6"
  checksum: 10c0/07a3f911553aec62bee46f3d205fe15b3736505f65cfef2833dd6921a1e586c1e7f6cc8e3cc61e9b8b1b51360e6b96467da08b29e6aeb82b683878a955c85610
  languageName: node
  linkType: hard

"path-source@npm:0.1":
  version: 0.1.3
  resolution: "path-source@npm:0.1.3"
  dependencies:
    array-source: "npm:0.0"
    file-source: "npm:0.6"
  checksum: 10c0/8814d7a845695ddeb03df57911359b7950083f3adcab56145f85da99e3c73f9c88b1848a01b06c70217efd4f0bbae5a9c6838c81e093a5ef1b7e2894133003e3
  languageName: node
  linkType: hard

"resolve@npm:^1.1.10, resolve@npm:^1.3.3":
  version: 1.12.0
  resolution: "resolve@npm:1.12.0"
  dependencies:
    path-parse: "npm:^1.0.6"
  checksum: 10c0/db503edb4bfb984a16ca0b8e9c2f51db3ee768e8aef59b704d6d768ee4c016b53128a620fece06c37bbbb18061c777239f90957d2cea35cb5a6701f689d0e667
  languageName: node
  linkType: hard

"resolve@patch:resolve@npm%3A^1.1.10#optional!builtin<compat/resolve>, resolve@patch:resolve@npm%3A^1.3.3#optional!builtin<compat/resolve>":
  version: 1.12.0
  resolution: "resolve@patch:resolve@npm%3A1.12.0#optional!builtin<compat/resolve>::version=1.12.0&hash=c3c19d"
  dependencies:
    path-parse: "npm:^1.0.6"
  checksum: 10c0/522560b9c078a3695822f4d650dd575999e9bca5bc72270777441449f4a35a7c9f0a8d709636d95c51549d9164150bae3d657a283f4dd75fa553863fd7c9866b
  languageName: node
  linkType: hard

"shapefile@npm:^0.6.1":
  version: 0.6.6
  resolution: "shapefile@npm:0.6.6"
  dependencies:
    array-source: "npm:0.0"
    commander: "npm:2"
    path-source: "npm:0.1"
    slice-source: "npm:0.4"
    stream-source: "npm:0.3"
    text-encoding: "npm:^0.6.4"
  bin:
    dbf2json: bin/dbf2json
    shp2json: bin/shp2json
  checksum: 10c0/419f39e8422743466486646d613b08be895b5d86a576426450e5c645af801ea683a82127dc39ab57fa82c867769dbe4abe990aad177fb51978ce3950b449cfb1
  languageName: node
  linkType: hard

"slice-source@npm:0.4":
  version: 0.4.1
  resolution: "slice-source@npm:0.4.1"
  checksum: 10c0/a36569e6d202c2cade2b943011807426104e90b0573d773ad80421013fd3ffab4da0f49fb0602b5adf06745313d79316349c60e1afc179da8a752d2c2b6de2f0
  languageName: node
  linkType: hard

"stream-source@npm:0.3":
  version: 0.3.5
  resolution: "stream-source@npm:0.3.5"
  checksum: 10c0/9acd4d8924fe232f711b91390d4a4ed98667709b59c166dae242292c8ebf8bc9ea026f93d160097cd7dffe432cd8eaedefb33b22e76c7719c33068bb9e91cafa
  languageName: node
  linkType: hard

"text-encoding@npm:^0.6.4":
  version: 0.6.4
  resolution: "text-encoding@npm:0.6.4"
  checksum: 10c0/3d0c4e99a9ce2849fba99b2eacf6740337d32796fe331a91101104bfe3863ba38d987018d5bba959217f5cc134c5cf4008711a777a7fbf5357d384c25cb75095
  languageName: node
  linkType: hard

"topojson-client@npm:3, topojson-client@npm:^3.0.0":
  version: 3.0.1
  resolution: "topojson-client@npm:3.0.1"
  dependencies:
    commander: "npm:2"
  bin:
    topo2geo: bin/topo2geo
    topomerge: bin/topomerge
    topoquantize: bin/topoquantize
  checksum: 10c0/3b3124678a77509dc3286603d3211597adce995899ff4e7312aff00df442c56bc8330f03aa29c577eba87a9192fe542655709c25c4ab85e5900be915e8e4c656
  languageName: node
  linkType: hard

"topojson-server@npm:^3.0.0":
  version: 3.0.1
  resolution: "topojson-server@npm:3.0.1"
  dependencies:
    commander: "npm:2"
  bin:
    geo2topo: bin/geo2topo
  checksum: 10c0/fb2ab1137b2082664149fa2346a33fbb1706687b9760ae38f1e8fb9f444226fb0b0e517baf0712f9130244b173ec29a4dcab78f9c0f259770a266481041136ec
  languageName: node
  linkType: hard

"topojson-simplify@npm:^3.0.0":
  version: 3.0.3
  resolution: "topojson-simplify@npm:3.0.3"
  dependencies:
    commander: "npm:2"
    topojson-client: "npm:3"
  bin:
    toposimplify: bin/toposimplify
  checksum: 10c0/99fc5589786f7fc58b7b31de1e2c8a09c3686f7723d71d24aa26a4f5054a1d911ef4ecb40594113e22e3b23434296b12513795e714bf8e3c5611145a99ade1bd
  languageName: node
  linkType: hard

"world-atlas@workspace:.":
  version: 0.0.0-use.local
  resolution: "world-atlas@workspace:."
  dependencies:
    d3-geo-projection: "npm:^2.0.1"
    ndjson-cli: "npm:^0.3.0"
    shapefile: "npm:^0.6.1"
    topojson-client: "npm:^3.0.0"
    topojson-server: "npm:^3.0.0"
    topojson-simplify: "npm:^3.0.0"
  languageName: unknown
  linkType: soft
